
Microsoft Visual Studio Solution File, Format Version 12.00
# Visual Studio 2013
VisualStudioVersion = 12.0.40629.0
MinimumVisualStudioVersion = 10.0.40219.1
Project("{8BC9CEB8-8B4A-11D0-8D11-00A0C91BC942}") = "IME", "IME\IME.vcxproj", "{EA98A5D9-8F5D-4157-B49F-8C94B5FEE44F}"
EndProject
Project("{2150E333-8FDC-42A3-9474-1A3956D46DE8}") = "Solution Items", "Solution Items", "{D91E5410-C834-4DE8-9225-396FE7F25612}"
	ProjectSection(SolutionItems) = preProject
		Performance1.psess = Performance1.psess
		Performance2.psess = Performance2.psess
	EndProjectSection
EndProject
Global
	GlobalSection(SolutionConfigurationPlatforms) = preSolution
		Debug|Win32 = Debug|Win32
		Release|Win32 = Release|Win32
	EndGlobalSection
	GlobalSection(ProjectConfigurationPlatforms) = postSolution
		{EA98A5D9-8F5D-4157-B49F-8C94B5FEE44F}.Debug|Win32.ActiveCfg = Debug|Win32
		{EA98A5D9-8F5D-4157-B49F-8C94B5FEE44F}.Debug|Win32.Build.0 = Debug|Win32
		{EA98A5D9-8F5D-4157-B49F-8C94B5FEE44F}.Release|Win32.ActiveCfg = Release|Win32
		{EA98A5D9-8F5D-4157-B49F-8C94B5FEE44F}.Release|Win32.Build.0 = Release|Win32
	EndGlobalSection
	GlobalSection(SolutionProperties) = preSolution
		HideSolutionNode = FALSE
	EndGlobalSection
	GlobalSection(Performance) = preSolution
		HasPerformanceSessions = true
	EndGlobalSection
EndGlobal
